// !$*UTF8*$!
{
	archiveVersion = 1;
	classes = {
	};
	objectVersion = 77;
	objects = {

/* Begin PBXBuildFile section */
		A9EF7B402EAF66C900D5363B /* HomeView.swift in Sources */ = {isa = PBXBuildFile; fileRef = A9EF7B3F2EAF66B800D5363B /* HomeView.swift */; };
		A9EF7B422EAF67B200D5363B /* QuickCabMapViewRepresantable.swift in Sources */ = {isa = PBXBuildFile; fileRef = A9EF7B412EAF679400D5363B /* QuickCabMapViewRepresantable.swift */; };
		A9EF7B442EAF711500D5363B /* LocationsManager.swift in Sources */ = {isa = PBXBuildFile; fileRef = A9EF7B432EAF70F500D5363B /* LocationsManager.swift */; };
		A9EF7B582EAF7C4000D5363B /* LocationSearchActivationView.swift in Sources */ = {isa = PBXBuildFile; fileRef = A9EF7B572EAF7C1000D5363B /* LocationSearchActivationView.swift */; };
		A9EF7B5C2EAF836000D5363B /* MapViewActionButton.swift in Sources */ = {isa = PBXBuildFile; fileRef = A9EF7B5B2EAF834000D5363B /* MapViewActionButton.swift */; };
		A9EF7B5E2EAFA58600D5363B /* LocationSearchView.swift in Sources */ = {isa = PBXBuildFile; fileRef = A9EF7B5D2EAFA57100D5363B /* LocationSearchView.swift */; };
		A9EF7B602EAFAAB800D5363B /* LocationSearchResultsCell.swift in Sources */ = {isa = PBXBuildFile; fileRef = A9EF7B5F2EAFAAA900D5363B /* LocationSearchResultsCell.swift */; };
/* End PBXBuildFile section */

/* Begin PBXFileReference section */
		A90C70C12EAB6508000644D6 /* QuickCab2.app */ = {isa = PBXFileReference; explicitFileType = wrapper.application; includeInIndex = 0; path = QuickCab2.app; sourceTree = BUILT_PRODUCTS_DIR; };
		A9EF7B3F2EAF66B800D5363B /* HomeView.swift */ = {isa = PBXFileReference; lastKnownFileType = sourcecode.swift; path = HomeView.swift; sourceTree = "<group>"; };
		A9EF7B412EAF679400D5363B /* QuickCabMapViewRepresantable.swift */ = {isa = PBXFileReference; lastKnownFileType = sourcecode.swift; path = QuickCabMapViewRepresantable.swift; sourceTree = "<group>"; };
		A9EF7B432EAF70F500D5363B /* LocationsManager.swift */ = {isa = PBXFileReference; lastKnownFileType = sourcecode.swift; path = LocationsManager.swift; sourceTree = "<group>"; };
		A9EF7B572EAF7C1000D5363B /* LocationSearchActivationView.swift */ = {isa = PBXFileReference; lastKnownFileType = sourcecode.swift; path = LocationSearchActivationView.swift; sourceTree = "<group>"; };
		A9EF7B5B2EAF834000D5363B /* MapViewActionButton.swift */ = {isa = PBXFileReference; lastKnownFileType = sourcecode.swift; path = MapViewActionButton.swift; sourceTree = "<group>"; };
		A9EF7B5D2EAFA57100D5363B /* LocationSearchView.swift */ = {isa = PBXFileReference; lastKnownFileType = sourcecode.swift; path = LocationSearchView.swift; sourceTree = "<group>"; };
		A9EF7B5F2EAFAAA900D5363B /* LocationSearchResultsCell.swift */ = {isa = PBXFileReference; lastKnownFileType = sourcecode.swift; path = LocationSearchResultsCell.swift; sourceTree = "<group>"; };
/* End PBXFileReference section */

/* Begin PBXFileSystemSynchronizedRootGroup section */
		A90C70C32EAB6508000644D6 /* Models */ = {
			isa = PBXFileSystemSynchronizedRootGroup;
			path = Models;
			sourceTree = "<group>";
		};
/* End PBXFileSystemSynchronizedRootGroup section */

/* Begin PBXFrameworksBuildPhase section */
		A90C70BE2EAB6508000644D6 /* Frameworks */ = {
			isa = PBXFrameworksBuildPhase;
			buildActionMask = 2147483647;
			files = (
			);
			runOnlyForDeploymentPostprocessing = 0;
		};
/* End PBXFrameworksBuildPhase section */

/* Begin PBXGroup section */
		A90C70B82EAB6508000644D6 = {
			isa = PBXGroup;
			children = (
				A9EF7B352EAF655000D5363B /* QuickCap 2  */,
				A90C70C22EAB6508000644D6 /* Products */,
			);
			sourceTree = "<group>";
		};
		A90C70C22EAB6508000644D6 /* Products */ = {
			isa = PBXGroup;
			children = (
				A90C70C12EAB6508000644D6 /* QuickCab2.app */,
			);
			name = Products;
			sourceTree = "<group>";
		};
		A9EF7B352EAF655000D5363B /* QuickCap 2  */ = {
			isa = PBXGroup;
			children = (
				A9EF7B3B2EAF65A300D5363B /* App */,
				A9EF7B3A2EAF659900D5363B /* Core */,
				A9EF7B392EAF659400D5363B /* Extensions */,
				A9EF7B382EAF658F00D5363B /* Managers */,
				A90C70C32EAB6508000644D6 /* Models */,
			);
			path = "QuickCap 2 ";
			sourceTree = "<group>";
		};
		A9EF7B382EAF658F00D5363B /* Managers */ = {
			isa = PBXGroup;
			children = (
				A9EF7B432EAF70F500D5363B /* LocationsManager.swift */,
			);
			path = Managers;
			sourceTree = "<group>";
		};
		A9EF7B392EAF659400D5363B /* Extensions */ = {
			isa = PBXGroup;
			children = (
			);
			path = Extensions;
			sourceTree = "<group>";
		};
		A9EF7B3A2EAF659900D5363B /* Core */ = {
			isa = PBXGroup;
			children = (
				A9EF7B542EAF7BC900D5363B /* LocationSearch */,
				A9EF7B532EAF7BA300D5363B /* Home */,
			);
			path = Core;
			sourceTree = "<group>";
		};
		A9EF7B3B2EAF65A300D5363B /* App */ = {
			isa = PBXGroup;
			children = (
			);
			path = App;
			sourceTree = "<group>";
		};
		A9EF7B3C2EAF668A00D5363B /* ViewModel */ = {
			isa = PBXGroup;
			children = (
			);
			path = ViewModel;
			sourceTree = "<group>";
		};
		A9EF7B3E2EAF669E00D5363B /* Views */ = {
			isa = PBXGroup;
			children = (
				A9EF7B5B2EAF834000D5363B /* MapViewActionButton.swift */,
				A9EF7B3F2EAF66B800D5363B /* HomeView.swift */,
				A9EF7B412EAF679400D5363B /* QuickCabMapViewRepresantable.swift */,
			);
			path = Views;
			sourceTree = "<group>";
		};
		A9EF7B532EAF7BA300D5363B /* Home */ = {
			isa = PBXGroup;
			children = (
				A9EF7B3E2EAF669E00D5363B /* Views */,
				A9EF7B3C2EAF668A00D5363B /* ViewModel */,
			);
			path = Home;
			sourceTree = "<group>";
		};
		A9EF7B542EAF7BC900D5363B /* LocationSearch */ = {
			isa = PBXGroup;
			children = (
				A9EF7B562EAF7BF500D5363B /* ViewModel */,
				A9EF7B552EAF7BEE00D5363B /* Views */,
			);
			path = LocationSearch;
			sourceTree = "<group>";
		};
		A9EF7B552EAF7BEE00D5363B /* Views */ = {
			isa = PBXGroup;
			children = (
				A9EF7B5F2EAFAAA900D5363B /* LocationSearchResultsCell.swift */,
				A9EF7B5D2EAFA57100D5363B /* LocationSearchView.swift */,
				A9EF7B572EAF7C1000D5363B /* LocationSearchActivationView.swift */,
			);
			path = Views;
			sourceTree = "<group>";
		};
		A9EF7B562EAF7BF500D5363B /* ViewModel */ = {
			isa = PBXGroup;
			children = (
			);
			path = ViewModel;
			sourceTree = "<group>";
		};
/* End PBXGroup section */

/* Begin PBXNativeTarget section */
		A90C70C02EAB6508000644D6 /* QuickCab2 */ = {
			isa = PBXNativeTarget;
			buildConfigurationList = A90C70CC2EAB650A000644D6 /* Build configuration list for PBXNativeTarget "QuickCab2" */;
			buildPhases = (
				A90C70BD2EAB6508000644D6 /* Sources */,
				A90C70BE2EAB6508000644D6 /* Frameworks */,
				A90C70BF2EAB6508000644D6 /* Resources */,
			);
			buildRules = (
			);
			dependencies = (
			);
			fileSystemSynchronizedGroups = (
				A90C70C32EAB6508000644D6 /* Models */,
			);
			name = QuickCab2;
			packageProductDependencies = (
			);
			productName = QuickCab2;
			productReference = A90C70C12EAB6508000644D6 /* QuickCab2.app */;
			productType = "com.apple.product-type.application";
		};
/* End PBXNativeTarget section */

/* Begin PBXProject section */
		A90C70B92EAB6508000644D6 /* Project object */ = {
			isa = PBXProject;
			attributes = {
				BuildIndependentTargetsInParallel = 1;
				LastSwiftUpdateCheck = 1630;
				LastUpgradeCheck = 2600;
				TargetAttributes = {
					A90C70C02EAB6508000644D6 = {
						CreatedOnToolsVersion = 16.3;
					};
				};
			};
			buildConfigurationList = A90C70BC2EAB6508000644D6 /* Build configuration list for PBXProject "QuickCab2" */;
			developmentRegion = en;
			hasScannedForEncodings = 0;
			knownRegions = (
				en,
				Base,
			);
			mainGroup = A90C70B82EAB6508000644D6;
			minimizedProjectReferenceProxies = 1;
			preferredProjectObjectVersion = 77;
			productRefGroup = A90C70C22EAB6508000644D6 /* Products */;
			projectDirPath = "";
			projectRoot = "";
			targets = (
				A90C70C02EAB6508000644D6 /* QuickCab2 */,
			);
		};
/* End PBXProject section */

/* Begin PBXResourcesBuildPhase section */
		A90C70BF2EAB6508000644D6 /* Resources */ = {
			isa = PBXResourcesBuildPhase;
			buildActionMask = 2147483647;
			files = (
			);
			runOnlyForDeploymentPostprocessing = 0;
		};
/* End PBXResourcesBuildPhase section */

/* Begin PBXSourcesBuildPhase section */
		A90C70BD2EAB6508000644D6 /* Sources */ = {
			isa = PBXSourcesBuildPhase;
			buildActionMask = 2147483647;
			files = (
				A9EF7B402EAF66C900D5363B /* HomeView.swift in Sources */,
				A9EF7B602EAFAAB800D5363B /* LocationSearchResultsCell.swift in Sources */,
				A9EF7B442EAF711500D5363B /* LocationsManager.swift in Sources */,
				A9EF7B422EAF67B200D5363B /* QuickCabMapViewRepresantable.swift in Sources */,
				A9EF7B5E2EAFA58600D5363B /* LocationSearchView.swift in Sources */,
				A9EF7B582EAF7C4000D5363B /* LocationSearchActivationView.swift in Sources */,
				A9EF7B5C2EAF836000D5363B /* MapViewActionButton.swift in Sources */,
			);
			runOnlyForDeploymentPostprocessing = 0;
		};
/* End PBXSourcesBuildPhase section */

/* Begin XCBuildConfiguration section */
		A90C70CA2EAB650A000644D6 /* Debug */ = {
			isa = XCBuildConfiguration;
			buildSettings = {
				ALWAYS_SEARCH_USER_PATHS = NO;
				ASSETCATALOG_COMPILER_GENERATE_SWIFT_ASSET_SYMBOL_EXTENSIONS = YES;
				CLANG_ANALYZER_NONNULL = YES;
				CLANG_ANALYZER_NUMBER_OBJECT_CONVERSION = YES_AGGRESSIVE;
				CLANG_CXX_LANGUAGE_STANDARD = "gnu++20";
				CLANG_ENABLE_MODULES = YES;
				CLANG_ENABLE_OBJC_ARC = YES;
				CLANG_ENABLE_OBJC_WEAK = YES;
				CLANG_WARN_BLOCK_CAPTURE_AUTORELEASING = YES;
				CLANG_WARN_BOOL_CONVERSION = YES;
				CLANG_WARN_COMMA = YES;
				CLANG_WARN_CONSTANT_CONVERSION = YES;
				CLANG_WARN_DEPRECATED_OBJC_IMPLEMENTATIONS = YES;
				CLANG_WARN_DIRECT_OBJC_ISA_USAGE = YES_ERROR;
				CLANG_WARN_DOCUMENTATION_COMMENTS = YES;
				CLANG_WARN_EMPTY_BODY = YES;
				CLANG_WARN_ENUM_CONVERSION = YES;
				CLANG_WARN_INFINITE_RECURSION = YES;
				CLANG_WARN_INT_CONVERSION = YES;
				CLANG_WARN_NON_LITERAL_NULL_CONVERSION = YES;
				CLANG_WARN_OBJC_IMPLICIT_RETAIN_SELF = YES;
				CLANG_WARN_OBJC_LITERAL_CONVERSION = YES;
				CLANG_WARN_OBJC_ROOT_CLASS = YES_ERROR;
				CLANG_WARN_QUOTED_INCLUDE_IN_FRAMEWORK_HEADER = YES;
				CLANG_WARN_RANGE_LOOP_ANALYSIS = YES;
				CLANG_WARN_STRICT_PROTOTYPES = YES;
				CLANG_WARN_SUSPICIOUS_MOVE = YES;
				CLANG_WARN_UNGUARDED_AVAILABILITY = YES_AGGRESSIVE;
				CLANG_WARN_UNREACHABLE_CODE = YES;
				CLANG_WARN__DUPLICATE_METHOD_MATCH = YES;
				COPY_PHASE_STRIP = NO;
				DEBUG_INFORMATION_FORMAT = dwarf;
				DEVELOPMENT_TEAM = H2AXCUS5FF;
				ENABLE_STRICT_OBJC_MSGSEND = YES;
				ENABLE_TESTABILITY = YES;
				ENABLE_USER_SCRIPT_SANDBOXING = YES;
				GCC_C_LANGUAGE_STANDARD = gnu17;
				GCC_DYNAMIC_NO_PIC = NO;
				GCC_NO_COMMON_BLOCKS = YES;
				GCC_OPTIMIZATION_LEVEL = 0;
				GCC_PREPROCESSOR_DEFINITIONS = (
					"DEBUG=1",
					"$(inherited)",
				);
				GCC_WARN_64_TO_32_BIT_CONVERSION = YES;
				GCC_WARN_ABOUT_RETURN_TYPE = YES_ERROR;
				GCC_WARN_UNDECLARED_SELECTOR = YES;
				GCC_WARN_UNINITIALIZED_AUTOS = YES_AGGRESSIVE;
				GCC_WARN_UNUSED_FUNCTION = YES;
				GCC_WARN_UNUSED_VARIABLE = YES;
				IPHONEOS_DEPLOYMENT_TARGET = 18.4;
				LOCALIZATION_PREFERS_STRING_CATALOGS = YES;
				MTL_ENABLE_DEBUG_INFO = INCLUDE_SOURCE;
				MTL_FAST_MATH = YES;
				ONLY_ACTIVE_ARCH = YES;
				SDKROOT = iphoneos;
				STRING_CATALOG_GENERATE_SYMBOLS = YES;
				SWIFT_ACTIVE_COMPILATION_CONDITIONS = "DEBUG $(inherited)";
				SWIFT_OPTIMIZATION_LEVEL = "-Onone";
			};
			name = Debug;
		};
		A90C70CB2EAB650A000644D6 /* Release */ = {
			isa = XCBuildConfiguration;
			buildSettings = {
				ALWAYS_SEARCH_USER_PATHS = NO;
				ASSETCATALOG_COMPILER_GENERATE_SWIFT_ASSET_SYMBOL_EXTENSIONS = YES;
				CLANG_ANALYZER_NONNULL = YES;
				CLANG_ANALYZER_NUMBER_OBJECT_CONVERSION = YES_AGGRESSIVE;
				CLANG_CXX_LANGUAGE_STANDARD = "gnu++20";
				CLANG_ENABLE_MODULES = YES;
				CLANG_ENABLE_OBJC_ARC = YES;
				CLANG_ENABLE_OBJC_WEAK = YES;
				CLANG_WARN_BLOCK_CAPTURE_AUTORELEASING = YES;
				CLANG_WARN_BOOL_CONVERSION = YES;
				CLANG_WARN_COMMA = YES;
				CLANG_WARN_CONSTANT_CONVERSION = YES;
				CLANG_WARN_DEPRECATED_OBJC_IMPLEMENTATIONS = YES;
				CLANG_WARN_DIRECT_OBJC_ISA_USAGE = YES_ERROR;
				CLANG_WARN_DOCUMENTATION_COMMENTS = YES;
				CLANG_WARN_EMPTY_BODY = YES;
				CLANG_WARN_ENUM_CONVERSION = YES;
				CLANG_WARN_INFINITE_RECURSION = YES;
				CLANG_WARN_INT_CONVERSION = YES;
				CLANG_WARN_NON_LITERAL_NULL_CONVERSION = YES;
				CLANG_WARN_OBJC_IMPLICIT_RETAIN_SELF = YES;
				CLANG_WARN_OBJC_LITERAL_CONVERSION = YES;
				CLANG_WARN_OBJC_ROOT_CLASS = YES_ERROR;
				CLANG_WARN_QUOTED_INCLUDE_IN_FRAMEWORK_HEADER = YES;
				CLANG_WARN_RANGE_LOOP_ANALYSIS = YES;
				CLANG_WARN_STRICT_PROTOTYPES = YES;
				CLANG_WARN_SUSPICIOUS_MOVE = YES;
				CLANG_WARN_UNGUARDED_AVAILABILITY = YES_AGGRESSIVE;
				CLANG_WARN_UNREACHABLE_CODE = YES;
				CLANG_WARN__DUPLICATE_METHOD_MATCH = YES;
				COPY_PHASE_STRIP = NO;
				DEBUG_INFORMATION_FORMAT = "dwarf-with-dsym";
				DEVELOPMENT_TEAM = H2AXCUS5FF;
				ENABLE_NS_ASSERTIONS = NO;
				ENABLE_STRICT_OBJC_MSGSEND = YES;
				ENABLE_USER_SCRIPT_SANDBOXING = YES;
				GCC_C_LANGUAGE_STANDARD = gnu17;
				GCC_NO_COMMON_BLOCKS = YES;
				GCC_WARN_64_TO_32_BIT_CONVERSION = YES;
				GCC_WARN_ABOUT_RETURN_TYPE = YES_ERROR;
				GCC_WARN_UNDECLARED_SELECTOR = YES;
				GCC_WARN_UNINITIALIZED_AUTOS = YES_AGGRESSIVE;
				GCC_WARN_UNUSED_FUNCTION = YES;
				GCC_WARN_UNUSED_VARIABLE = YES;
				IPHONEOS_DEPLOYMENT_TARGET = 18.4;
				LOCALIZATION_PREFERS_STRING_CATALOGS = YES;
				MTL_ENABLE_DEBUG_INFO = NO;
				MTL_FAST_MATH = YES;
				SDKROOT = iphoneos;
				STRING_CATALOG_GENERATE_SYMBOLS = YES;
				SWIFT_COMPILATION_MODE = wholemodule;
				VALIDATE_PRODUCT = YES;
			};
			name = Release;
		};
		A90C70CD2EAB650A000644D6 /* Debug */ = {
			isa = XCBuildConfiguration;
			buildSettings = {
				ASSETCATALOG_COMPILER_APPICON_NAME = AppIcon;
				ASSETCATALOG_COMPILER_GLOBAL_ACCENT_COLOR_NAME = AccentColor;
				CODE_SIGN_STYLE = Automatic;
				CURRENT_PROJECT_VERSION = 1;
				DEVELOPMENT_TEAM = H2AXCUS5FF;
				ENABLE_PREVIEWS = YES;
				GENERATE_INFOPLIST_FILE = YES;
				INFOPLIST_KEY_NSLocationWhenInUseUsageDescription = "Please grant us access to your location to find you nearby rides";
				INFOPLIST_KEY_UIApplicationSceneManifest_Generation = YES;
				INFOPLIST_KEY_UIApplicationSupportsIndirectInputEvents = YES;
				INFOPLIST_KEY_UILaunchScreen_Generation = YES;
				INFOPLIST_KEY_UISupportedInterfaceOrientations_iPad = "UIInterfaceOrientationPortrait UIInterfaceOrientationPortraitUpsideDown UIInterfaceOrientationLandscapeLeft UIInterfaceOrientationLandscapeRight";
				INFOPLIST_KEY_UISupportedInterfaceOrientations_iPhone = "UIInterfaceOrientationPortrait UIInterfaceOrientationLandscapeLeft UIInterfaceOrientationLandscapeRight";
				LD_RUNPATH_SEARCH_PATHS = (
					"$(inherited)",
					"@executable_path/Frameworks",
				);
				MARKETING_VERSION = 1.0;
				PRODUCT_BUNDLE_IDENTIFIER = "Matter-Career-Readiness-Institute.QuickCab2";
				PRODUCT_NAME = "$(TARGET_NAME)";
				SWIFT_EMIT_LOC_STRINGS = YES;
				SWIFT_VERSION = 5.0;
				TARGETED_DEVICE_FAMILY = "1,2";
			};
			name = Debug;
		};
		A90C70CE2EAB650A000644D6 /* Release */ = {
			isa = XCBuildConfiguration;
			buildSettings = {
				ASSETCATALOG_COMPILER_APPICON_NAME = AppIcon;
				ASSETCATALOG_COMPILER_GLOBAL_ACCENT_COLOR_NAME = AccentColor;
				CODE_SIGN_STYLE = Automatic;
				CURRENT_PROJECT_VERSION = 1;
				DEVELOPMENT_TEAM = H2AXCUS5FF;
				ENABLE_PREVIEWS = YES;
				GENERATE_INFOPLIST_FILE = YES;
				INFOPLIST_KEY_NSLocationWhenInUseUsageDescription = "Please grant us access to your location to find you nearby rides";
				INFOPLIST_KEY_UIApplicationSceneManifest_Generation = YES;
				INFOPLIST_KEY_UIApplicationSupportsIndirectInputEvents = YES;
				INFOPLIST_KEY_UILaunchScreen_Generation = YES;
				INFOPLIST_KEY_UISupportedInterfaceOrientations_iPad = "UIInterfaceOrientationPortrait UIInterfaceOrientationPortraitUpsideDown UIInterfaceOrientationLandscapeLeft UIInterfaceOrientationLandscapeRight";
				INFOPLIST_KEY_UISupportedInterfaceOrientations_iPhone = "UIInterfaceOrientationPortrait UIInterfaceOrientationLandscapeLeft UIInterfaceOrientationLandscapeRight";
				LD_RUNPATH_SEARCH_PATHS = (
					"$(inherited)",
					"@executable_path/Frameworks",
				);
				MARKETING_VERSION = 1.0;
				PRODUCT_BUNDLE_IDENTIFIER = "Matter-Career-Readiness-Institute.QuickCab2";
				PRODUCT_NAME = "$(TARGET_NAME)";
				SWIFT_EMIT_LOC_STRINGS = YES;
				SWIFT_VERSION = 5.0;
				TARGETED_DEVICE_FAMILY = "1,2";
			};
			name = Release;
		};
/* End XCBuildConfiguration section */

/* Begin XCConfigurationList section */
		A90C70BC2EAB6508000644D6 /* Build configuration list for PBXProject "QuickCab2" */ = {
			isa = XCConfigurationList;
			buildConfigurations = (
				A90C70CA2EAB650A000644D6 /* Debug */,
				A90C70CB2EAB650A000644D6 /* Release */,
			);
			defaultConfigurationIsVisible = 0;
			defaultConfigurationName = Release;
		};
		A90C70CC2EAB650A000644D6 /* Build configuration list for PBXNativeTarget "QuickCab2" */ = {
			isa = XCConfigurationList;
			buildConfigurations = (
				A90C70CD2EAB650A000644D6 /* Debug */,
				A90C70CE2EAB650A000644D6 /* Release */,
			);
			defaultConfigurationIsVisible = 0;
			defaultConfigurationName = Release;
		};
/* End XCConfigurationList section */
	};
	rootObject = A90C70B92EAB6508000644D6 /* Project object */;
}
